# This file is generated by running "yarn install" inside your project.
# Manual changes might be lost - proceed with caution!

__metadata:
  version: 8
  cacheKey: 10c0

"@prettier/plugin-php@npm:^0.22.4":
  version: 0.22.4
  resolution: "@prettier/plugin-php@npm:0.22.4"
  dependencies:
    linguist-languages: "npm:^7.27.0"
    php-parser: "npm:^3.1.5"
  peerDependencies:
    prettier: ^3.0.0
  checksum: 10c0/31b46f52caad02ca41fc64a21676d26d4c8100f188a2d61107909e36e09c6a6342d474deea99f6abd62bce943b43d1ae0242281eba207e9376e72bfeba619cf3
  languageName: node
  linkType: hard

"linguist-languages@npm:^7.27.0":
  version: 7.31.2
  resolution: "linguist-languages@npm:7.31.2"
  checksum: 10c0/ed28967c5e3088ddf4de0363de0c7cbbe03d8dbe91655edfce440b84c51aeac1c295df8807c05ae23411246d6c2f3155da2cceda8ed678e8476d0e0d16d5cb15
  languageName: node
  linkType: hard

"oak@workspace:.":
  version: 0.0.0-use.local
  resolution: "oak@workspace:."
  dependencies:
    "@prettier/plugin-php": "npm:^0.22.4"
    prettier: "npm:^3.5.3"
  languageName: unknown
  linkType: soft

"php-parser@npm:^3.1.5":
  version: 3.2.3
  resolution: "php-parser@npm:3.2.3"
  checksum: 10c0/4542ad11b1a8365f1d9a6f664dd7057acba3eb37c796d8f5fb4bb6c227a9dc437b7efc3f00e8b6c32cbd0bcbdbcef05f5d775a6ea5b395920b6157563a34ad36
  languageName: node
  linkType: hard

"prettier@npm:^3.5.3":
  version: 3.6.0
  resolution: "prettier@npm:3.6.0"
  bin:
    prettier: bin/prettier.cjs
  checksum: 10c0/636897c8084b71ef1f740a46199df0d8f6ed896aa497212cc8cc229d3026b9dca82fa92f61e55924c4708cea11e39a88478e2d93c4818741c55b7408a9ac6d91
  languageName: node
  linkType: hard
